// !$*UTF8*$!
{
	archiveVersion = 1;
	classes = {
	};
	objectVersion = 48;
	objects = {

/* Begin PBXBuildFile section */
		3E42E0A87918E2FBD20B2994 /* Pods_Tumblr_AgainUITests.framework in Frameworks */ = {isa = PBXBuildFile; fileRef = 18DA98B750F8B42176E49A99 /* Pods_Tumblr_AgainUITests.framework */; };
		6C58482F8B41A128A32771C3 /* Pods_Tumblr_AgainTests.framework in Frameworks */ = {isa = PBXBuildFile; fileRef = BF3D91E0DC3EDD67807B1770 /* Pods_Tumblr_AgainTests.framework */; };
		7B88D344202BEB1600E2680B /* PhotoDetailsViewController.swift in Sources */ = {isa = PBXBuildFile; fileRef = 7B88D343202BEB1600E2680B /* PhotoDetailsViewController.swift */; };
		7BEADBDC2025AF77002D0C01 /* AppDelegate.swift in Sources */ = {isa = PBXBuildFile; fileRef = 7BEADBDB2025AF77002D0C01 /* AppDelegate.swift */; };
		7BEADBE12025AF77002D0C01 /* Main.storyboard in Resources */ = {isa = PBXBuildFile; fileRef = 7BEADBDF2025AF77002D0C01 /* Main.storyboard */; };
		7BEADBE32025AF77002D0C01 /* Assets.xcassets in Resources */ = {isa = PBXBuildFile; fileRef = 7BEADBE22025AF77002D0C01 /* Assets.xcassets */; };
		7BEADBE62025AF77002D0C01 /* LaunchScreen.storyboard in Resources */ = {isa = PBXBuildFile; fileRef = 7BEADBE42025AF77002D0C01 /* LaunchScreen.storyboard */; };
		7BEADBF12025AF77002D0C01 /* Tumblr_AgainTests.swift in Sources */ = {isa = PBXBuildFile; fileRef = 7BEADBF02025AF77002D0C01 /* Tumblr_AgainTests.swift */; };
		7BEADBFC2025AF77002D0C01 /* Tumblr_AgainUITests.swift in Sources */ = {isa = PBXBuildFile; fileRef = 7BEADBFB2025AF77002D0C01 /* Tumblr_AgainUITests.swift */; };
		7BEADC0A2025B043002D0C01 /* PhotoViewController.swift in Sources */ = {isa = PBXBuildFile; fileRef = 7BEADC092025B043002D0C01 /* PhotoViewController.swift */; };
		7BEADC0C2025B2E5002D0C01 /* PhotoCell.swift in Sources */ = {isa = PBXBuildFile; fileRef = 7BEADC0B2025B2E5002D0C01 /* PhotoCell.swift */; };
		DE1125B8F24AA563506639E2 /* Pods_Tumblr_Again.framework in Frameworks */ = {isa = PBXBuildFile; fileRef = B2050E5706B2DBFF5A0F2FD7 /* Pods_Tumblr_Again.framework */; };
/* End PBXBuildFile section */

/* Begin PBXContainerItemProxy section */
		7BEADBED2025AF77002D0C01 /* PBXContainerItemProxy */ = {
			isa = PBXContainerItemProxy;
			containerPortal = 7BEADBD02025AF77002D0C01 /* Project object */;
			proxyType = 1;
			remoteGlobalIDString = 7BEADBD72025AF77002D0C01;
			remoteInfo = Tumblr_Again;
		};
		7BEADBF82025AF77002D0C01 /* PBXContainerItemProxy */ = {
			isa = PBXContainerItemProxy;
			containerPortal = 7BEADBD02025AF77002D0C01 /* Project object */;
			proxyType = 1;
			remoteGlobalIDString = 7BEADBD72025AF77002D0C01;
			remoteInfo = Tumblr_Again;
		};
/* End PBXContainerItemProxy section */

/* Begin PBXFileReference section */
		18DA98B750F8B42176E49A99 /* Pods_Tumblr_AgainUITests.framework */ = {isa = PBXFileReference; explicitFileType = wrapper.framework; includeInIndex = 0; path = Pods_Tumblr_AgainUITests.framework; sourceTree = BUILT_PRODUCTS_DIR; };
		7B88D343202BEB1600E2680B /* PhotoDetailsViewController.swift */ = {isa = PBXFileReference; lastKnownFileType = sourcecode.swift; path = PhotoDetailsViewController.swift; sourceTree = "<group>"; };
		7BEADBD82025AF77002D0C01 /* Tumblr_Again.app */ = {isa = PBXFileReference; explicitFileType = wrapper.application; includeInIndex = 0; path = Tumblr_Again.app; sourceTree = BUILT_PRODUCTS_DIR; };
		7BEADBDB2025AF77002D0C01 /* AppDelegate.swift */ = {isa = PBXFileReference; lastKnownFileType = sourcecode.swift; path = AppDelegate.swift; sourceTree = "<group>"; };
		7BEADBE02025AF77002D0C01 /* Base */ = {isa = PBXFileReference; lastKnownFileType = file.storyboard; name = Base; path = Base.lproj/Main.storyboard; sourceTree = "<group>"; };
		7BEADBE22025AF77002D0C01 /* Assets.xcassets */ = {isa = PBXFileReference; lastKnownFileType = folder.assetcatalog; path = Assets.xcassets; sourceTree = "<group>"; };
		7BEADBE52025AF77002D0C01 /* Base */ = {isa = PBXFileReference; lastKnownFileType = file.storyboard; name = Base; path = Base.lproj/LaunchScreen.storyboard; sourceTree = "<group>"; };
		7BEADBE72025AF77002D0C01 /* Info.plist */ = {isa = PBXFileReference; lastKnownFileType = text.plist.xml; path = Info.plist; sourceTree = "<group>"; };
		7BEADBEC2025AF77002D0C01 /* Tumblr_AgainTests.xctest */ = {isa = PBXFileReference; explicitFileType = wrapper.cfbundle; includeInIndex = 0; path = Tumblr_AgainTests.xctest; sourceTree = BUILT_PRODUCTS_DIR; };
		7BEADBF02025AF77002D0C01 /* Tumblr_AgainTests.swift */ = {isa = PBXFileReference; lastKnownFileType = sourcecode.swift; path = Tumblr_AgainTests.swift; sourceTree = "<group>"; };
		7BEADBF22025AF77002D0C01 /* Info.plist */ = {isa = PBXFileReference; lastKnownFileType = text.plist.xml; path = Info.plist; sourceTree = "<group>"; };
		7BEADBF72025AF77002D0C01 /* Tumblr_AgainUITests.xctest */ = {isa = PBXFileReference; explicitFileType = wrapper.cfbundle; includeInIndex = 0; path = Tumblr_AgainUITests.xctest; sourceTree = BUILT_PRODUCTS_DIR; };
		7BEADBFB2025AF77002D0C01 /* Tumblr_AgainUITests.swift */ = {isa = PBXFileReference; lastKnownFileType = sourcecode.swift; path = Tumblr_AgainUITests.swift; sourceTree = "<group>"; };
		7BEADBFD2025AF77002D0C01 /* Info.plist */ = {isa = PBXFileReference; lastKnownFileType = text.plist.xml; path = Info.plist; sourceTree = "<group>"; };
		7BEADC092025B043002D0C01 /* PhotoViewController.swift */ = {isa = PBXFileReference; lastKnownFileType = sourcecode.swift; path = PhotoViewController.swift; sourceTree = "<group>"; };
		7BEADC0B2025B2E5002D0C01 /* PhotoCell.swift */ = {isa = PBXFileReference; lastKnownFileType = sourcecode.swift; path = PhotoCell.swift; sourceTree = "<group>"; };
		9CD5E02FB97A38FB7F5D9601 /* Pods-Tumblr_AgainUITests.debug.xcconfig */ = {isa = PBXFileReference; includeInIndex = 1; lastKnownFileType = text.xcconfig; name = "Pods-Tumblr_AgainUITests.debug.xcconfig"; path = "Pods/Target Support Files/Pods-Tumblr_AgainUITests/Pods-Tumblr_AgainUITests.debug.xcconfig"; sourceTree = "<group>"; };
		A6CD43265E046B2CD99C9CAF /* Pods-Tumblr_Again.debug.xcconfig */ = {isa = PBXFileReference; includeInIndex = 1; lastKnownFileType = text.xcconfig; name = "Pods-Tumblr_Again.debug.xcconfig"; path = "Pods/Target Support Files/Pods-Tumblr_Again/Pods-Tumblr_Again.debug.xcconfig"; sourceTree = "<group>"; };
		B2050E5706B2DBFF5A0F2FD7 /* Pods_Tumblr_Again.framework */ = {isa = PBXFileReference; explicitFileType = wrapper.framework; includeInIndex = 0; path = Pods_Tumblr_Again.framework; sourceTree = BUILT_PRODUCTS_DIR; };
		BD1796D9A48A89DE1B93A07A /* Pods-Tumblr_AgainTests.debug.xcconfig */ = {isa = PBXFileReference; includeInIndex = 1; lastKnownFileType = text.xcconfig; name = "Pods-Tumblr_AgainTests.debug.xcconfig"; path = "Pods/Target Support Files/Pods-Tumblr_AgainTests/Pods-Tumblr_AgainTests.debug.xcconfig"; sourceTree = "<group>"; };
		BF3D91E0DC3EDD67807B1770 /* Pods_Tumblr_AgainTests.framework */ = {isa = PBXFileReference; explicitFileType = wrapper.framework; includeInIndex = 0; path = Pods_Tumblr_AgainTests.framework; sourceTree = BUILT_PRODUCTS_DIR; };
		C870079D1FA866BD69075D70 /* Pods-Tumblr_AgainTests.release.xcconfig */ = {isa = PBXFileReference; includeInIndex = 1; lastKnownFileType = text.xcconfig; name = "Pods-Tumblr_AgainTests.release.xcconfig"; path = "Pods/Target Support Files/Pods-Tumblr_AgainTests/Pods-Tumblr_AgainTests.release.xcconfig"; sourceTree = "<group>"; };
		E1D85C328A489450DB8F7394 /* Pods-Tumblr_Again.release.xcconfig */ = {isa = PBXFileReference; includeInIndex = 1; lastKnownFileType = text.xcconfig; name = "Pods-Tumblr_Again.release.xcconfig"; path = "Pods/Target Support Files/Pods-Tumblr_Again/Pods-Tumblr_Again.release.xcconfig"; sourceTree = "<group>"; };
		E80A5639B4B35BB21235C13E /* Pods-Tumblr_AgainUITests.release.xcconfig */ = {isa = PBXFileReference; includeInIndex = 1; lastKnownFileType = text.xcconfig; name = "Pods-Tumblr_AgainUITests.release.xcconfig"; path = "Pods/Target Support Files/Pods-Tumblr_AgainUITests/Pods-Tumblr_AgainUITests.release.xcconfig"; sourceTree = "<group>"; };
/* End PBXFileReference section */

/* Begin PBXFrameworksBuildPhase section */
		7BEADBD52025AF77002D0C01 /* Frameworks */ = {
			isa = PBXFrameworksBuildPhase;
			buildActionMask = 2147483647;
			files = (
				DE1125B8F24AA563506639E2 /* Pods_Tumblr_Again.framework in Frameworks */,
			);
			runOnlyForDeploymentPostprocessing = 0;
		};
		7BEADBE92025AF77002D0C01 /* Frameworks */ = {
			isa = PBXFrameworksBuildPhase;
			buildActionMask = 2147483647;
			files = (
				6C58482F8B41A128A32771C3 /* Pods_Tumblr_AgainTests.framework in Frameworks */,
			);
			runOnlyForDeploymentPostprocessing = 0;
		};
		7BEADBF42025AF77002D0C01 /* Frameworks */ = {
			isa = PBXFrameworksBuildPhase;
			buildActionMask = 2147483647;
			files = (
				3E42E0A87918E2FBD20B2994 /* Pods_Tumblr_AgainUITests.framework in Frameworks */,
			);
			runOnlyForDeploymentPostprocessing = 0;
		};
/* End PBXFrameworksBuildPhase section */

/* Begin PBXGroup section */
		50F7C5BA86DDB3696D2149FF /* Pods */ = {
			isa = PBXGroup;
			children = (
				A6CD43265E046B2CD99C9CAF /* Pods-Tumblr_Again.debug.xcconfig */,
				E1D85C328A489450DB8F7394 /* Pods-Tumblr_Again.release.xcconfig */,
				BD1796D9A48A89DE1B93A07A /* Pods-Tumblr_AgainTests.debug.xcconfig */,
				C870079D1FA866BD69075D70 /* Pods-Tumblr_AgainTests.release.xcconfig */,
				9CD5E02FB97A38FB7F5D9601 /* Pods-Tumblr_AgainUITests.debug.xcconfig */,
				E80A5639B4B35BB21235C13E /* Pods-Tumblr_AgainUITests.release.xcconfig */,
			);
			name = Pods;
			sourceTree = "<group>";
		};
		7BEADBCF2025AF77002D0C01 = {
			isa = PBXGroup;
			children = (
				7BEADBDA2025AF77002D0C01 /* Tumblr_Again */,
				7BEADBEF2025AF77002D0C01 /* Tumblr_AgainTests */,
				7BEADBFA2025AF77002D0C01 /* Tumblr_AgainUITests */,
				7BEADBD92025AF77002D0C01 /* Products */,
				50F7C5BA86DDB3696D2149FF /* Pods */,
				9AAE8880BA2F745BEED01F19 /* Frameworks */,
			);
			sourceTree = "<group>";
		};
		7BEADBD92025AF77002D0C01 /* Products */ = {
			isa = PBXGroup;
			children = (
				7BEADBD82025AF77002D0C01 /* Tumblr_Again.app */,
				7BEADBEC2025AF77002D0C01 /* Tumblr_AgainTests.xctest */,
				7BEADBF72025AF77002D0C01 /* Tumblr_AgainUITests.xctest */,
			);
			name = Products;
			sourceTree = "<group>";
		};
		7BEADBDA2025AF77002D0C01 /* Tumblr_Again */ = {
			isa = PBXGroup;
			children = (
				7BEADC092025B043002D0C01 /* PhotoViewController.swift */,
				7BEADBDB2025AF77002D0C01 /* AppDelegate.swift */,
				7BEADBDF2025AF77002D0C01 /* Main.storyboard */,
				7BEADBE22025AF77002D0C01 /* Assets.xcassets */,
				7BEADBE42025AF77002D0C01 /* LaunchScreen.storyboard */,
				7BEADBE72025AF77002D0C01 /* Info.plist */,
				7BEADC0B2025B2E5002D0C01 /* PhotoCell.swift */,
				7B88D343202BEB1600E2680B /* PhotoDetailsViewController.swift */,
			);
			path = Tumblr_Again;
			sourceTree = "<group>";
		};
		7BEADBEF2025AF77002D0C01 /* Tumblr_AgainTests */ = {
			isa = PBXGroup;
			children = (
				7BEADBF02025AF77002D0C01 /* Tumblr_AgainTests.swift */,
				7BEADBF22025AF77002D0C01 /* Info.plist */,
			);
			path = Tumblr_AgainTests;
			sourceTree = "<group>";
		};
		7BEADBFA2025AF77002D0C01 /* Tumblr_AgainUITests */ = {
			isa = PBXGroup;
			children = (
				7BEADBFB2025AF77002D0C01 /* Tumblr_AgainUITests.swift */,
				7BEADBFD2025AF77002D0C01 /* Info.plist */,
			);
			path = Tumblr_AgainUITests;
			sourceTree = "<group>";
		};
		9AAE8880BA2F745BEED01F19 /* Frameworks */ = {
			isa = PBXGroup;
			children = (
				B2050E5706B2DBFF5A0F2FD7 /* Pods_Tumblr_Again.framework */,
				BF3D91E0DC3EDD67807B1770 /* Pods_Tumblr_AgainTests.framework */,
				18DA98B750F8B42176E49A99 /* Pods_Tumblr_AgainUITests.framework */,
			);
			name = Frameworks;
			sourceTree = "<group>";
		};
/* End PBXGroup section */

/* Begin PBXNativeTarget section */
		7BEADBD72025AF77002D0C01 /* Tumblr_Again */ = {
			isa = PBXNativeTarget;
			buildConfigurationList = 7BEADC002025AF77002D0C01 /* Build configuration list for PBXNativeTarget "Tumblr_Again" */;
			buildPhases = (
				BBB85616927E3C2C481259B7 /* [CP] Check Pods Manifest.lock */,
				7BEADBD42025AF77002D0C01 /* Sources */,
				7BEADBD52025AF77002D0C01 /* Frameworks */,
				7BEADBD62025AF77002D0C01 /* Resources */,
				1201392CEB2A11DFD588D69C /* [CP] Embed Pods Frameworks */,
				28DB14933BCC62D08790819D /* [CP] Copy Pods Resources */,
			);
			buildRules = (
			);
			dependencies = (
			);
			name = Tumblr_Again;
			productName = Tumblr_Again;
			productReference = 7BEADBD82025AF77002D0C01 /* Tumblr_Again.app */;
			productType = "com.apple.product-type.application";
		};
		7BEADBEB2025AF77002D0C01 /* Tumblr_AgainTests */ = {
			isa = PBXNativeTarget;
			buildConfigurationList = 7BEADC032025AF77002D0C01 /* Build configuration list for PBXNativeTarget "Tumblr_AgainTests" */;
			buildPhases = (
				055BF999BE4610B012059DC0 /* [CP] Check Pods Manifest.lock */,
				7BEADBE82025AF77002D0C01 /* Sources */,
				7BEADBE92025AF77002D0C01 /* Frameworks */,
				7BEADBEA2025AF77002D0C01 /* Resources */,
				CFB24D4D8A63C10FBEBCD757 /* [CP] Embed Pods Frameworks */,
				8A9FDE548D568E01E5ADB9D1 /* [CP] Copy Pods Resources */,
			);
			buildRules = (
			);
			dependencies = (
				7BEADBEE2025AF77002D0C01 /* PBXTargetDependency */,
			);
			name = Tumblr_AgainTests;
			productName = Tumblr_AgainTests;
			productReference = 7BEADBEC2025AF77002D0C01 /* Tumblr_AgainTests.xctest */;
			productType = "com.apple.product-type.bundle.unit-test";
		};
		7BEADBF62025AF77002D0C01 /* Tumblr_AgainUITests */ = {
			isa = PBXNativeTarget;
			buildConfigurationList = 7BEADC062025AF77002D0C01 /* Build configuration list for PBXNativeTarget "Tumblr_AgainUITests" */;
			buildPhases = (
				9E061D4FD664DC8C0A46E7E5 /* [CP] Check Pods Manifest.lock */,
				7BEADBF32025AF77002D0C01 /* Sources */,
				7BEADBF42025AF77002D0C01 /* Frameworks */,
				7BEADBF52025AF77002D0C01 /* Resources */,
				47F4D0834EEB989CC01A240F /* [CP] Embed Pods Frameworks */,
				B4DB00CE8C349A2797BAC0E5 /* [CP] Copy Pods Resources */,
			);
			buildRules = (
			);
			dependencies = (
				7BEADBF92025AF77002D0C01 /* PBXTargetDependency */,
			);
			name = Tumblr_AgainUITests;
			productName = Tumblr_AgainUITests;
			productReference = 7BEADBF72025AF77002D0C01 /* Tumblr_AgainUITests.xctest */;
			productType = "com.apple.product-type.bundle.ui-testing";
		};
/* End PBXNativeTarget section */

/* Begin PBXProject section */
		7BEADBD02025AF77002D0C01 /* Project object */ = {
			isa = PBXProject;
			attributes = {
				LastSwiftUpdateCheck = 0920;
				LastUpgradeCheck = 0920;
				ORGANIZATIONNAME = KevinVuNguyen;
				TargetAttributes = {
					7BEADBD72025AF77002D0C01 = {
						CreatedOnToolsVersion = 9.2;
						ProvisioningStyle = Automatic;
					};
					7BEADBEB2025AF77002D0C01 = {
						CreatedOnToolsVersion = 9.2;
						ProvisioningStyle = Automatic;
						TestTargetID = 7BEADBD72025AF77002D0C01;
					};
					7BEADBF62025AF77002D0C01 = {
						CreatedOnToolsVersion = 9.2;
						ProvisioningStyle = Automatic;
						TestTargetID = 7BEADBD72025AF77002D0C01;
					};
				};
			};
			buildConfigurationList = 7BEADBD32025AF77002D0C01 /* Build configuration list for PBXProject "Tumblr_Again" */;
			compatibilityVersion = "Xcode 8.0";
			developmentRegion = en;
			hasScannedForEncodings = 0;
			knownRegions = (
				en,
				Base,
			);
			mainGroup = 7BEADBCF2025AF77002D0C01;
			productRefGroup = 7BEADBD92025AF77002D0C01 /* Products */;
			projectDirPath = "";
			projectRoot = "";
			targets = (
				7BEADBD72025AF77002D0C01 /* Tumblr_Again */,
				7BEADBEB2025AF77002D0C01 /* Tumblr_AgainTests */,
				7BEADBF62025AF77002D0C01 /* Tumblr_AgainUITests */,
			);
		};
/* End PBXProject section */

/* Begin PBXResourcesBuildPhase section */
		7BEADBD62025AF77002D0C01 /* Resources */ = {
			isa = PBXResourcesBuildPhase;
			buildActionMask = 2147483647;
			files = (
				7BEADBE62025AF77002D0C01 /* LaunchScreen.storyboard in Resources */,
				7BEADBE32025AF77002D0C01 /* Assets.xcassets in Resources */,
				7BEADBE12025AF77002D0C01 /* Main.storyboard in Resources */,
			);
			runOnlyForDeploymentPostprocessing = 0;
		};
		7BEADBEA2025AF77002D0C01 /* Resources */ = {
			isa = PBXResourcesBuildPhase;
			buildActionMask = 2147483647;
			files = (
			);
			runOnlyForDeploymentPostprocessing = 0;
		};
		7BEADBF52025AF77002D0C01 /* Resources */ = {
			isa = PBXResourcesBuildPhase;
			buildActionMask = 2147483647;
			files = (
			);
			runOnlyForDeploymentPostprocessing = 0;
		};
/* End PBXResourcesBuildPhase section */

/* Begin PBXShellScriptBuildPhase section */
		055BF999BE4610B012059DC0 /* [CP] Check Pods Manifest.lock */ = {
			isa = PBXShellScriptBuildPhase;
			buildActionMask = 2147483647;
			files = (
			);
			inputPaths = (
				"${PODS_PODFILE_DIR_PATH}/Podfile.lock",
				"${PODS_ROOT}/Manifest.lock",
			);
			name = "[CP] Check Pods Manifest.lock";
			outputPaths = (
				"$(DERIVED_FILE_DIR)/Pods-Tumblr_AgainTests-checkManifestLockResult.txt",
			);
			runOnlyForDeploymentPostprocessing = 0;
			shellPath = /bin/sh;
			shellScript = "diff \"${PODS_PODFILE_DIR_PATH}/Podfile.lock\" \"${PODS_ROOT}/Manifest.lock\" > /dev/null\nif [ $? != 0 ] ; then\n    # print error to STDERR\n    echo \"error: The sandbox is not in sync with the Podfile.lock. Run 'pod install' or update your CocoaPods installation.\" >&2\n    exit 1\nfi\n# This output is used by Xcode 'outputs' to avoid re-running this script phase.\necho \"SUCCESS\" > \"${SCRIPT_OUTPUT_FILE_0}\"\n";
			showEnvVarsInLog = 0;
		};
		1201392CEB2A11DFD588D69C /* [CP] Embed Pods Frameworks */ = {
			isa = PBXShellScriptBuildPhase;
			buildActionMask = 2147483647;
			files = (
			);
			inputPaths = (
				"${SRCROOT}/Pods/Target Support Files/Pods-Tumblr_Again/Pods-Tumblr_Again-frameworks.sh",
				"${BUILT_PRODUCTS_DIR}/Alamofire/Alamofire.framework",
				"${BUILT_PRODUCTS_DIR}/AlamofireImage/AlamofireImage.framework",
			);
			name = "[CP] Embed Pods Frameworks";
			outputPaths = (
				"${TARGET_BUILD_DIR}/${FRAMEWORKS_FOLDER_PATH}/Alamofire.framework",
				"${TARGET_BUILD_DIR}/${FRAMEWORKS_FOLDER_PATH}/AlamofireImage.framework",
			);
			runOnlyForDeploymentPostprocessing = 0;
			shellPath = /bin/sh;
			shellScript = "\"${SRCROOT}/Pods/Target Support Files/Pods-Tumblr_Again/Pods-Tumblr_Again-frameworks.sh\"\n";
			showEnvVarsInLog = 0;
		};
		28DB14933BCC62D08790819D /* [CP] Copy Pods Resources */ = {
			isa = PBXShellScriptBuildPhase;
			buildActionMask = 2147483647;
			files = (
			);
			inputPaths = (
			);
			name = "[CP] Copy Pods Resources";
			outputPaths = (
			);
			runOnlyForDeploymentPostprocessing = 0;
			shellPath = /bin/sh;
			shellScript = "\"${SRCROOT}/Pods/Target Support Files/Pods-Tumblr_Again/Pods-Tumblr_Again-resources.sh\"\n";
			showEnvVarsInLog = 0;
		};
		47F4D0834EEB989CC01A240F /* [CP] Embed Pods Frameworks */ = {
			isa = PBXShellScriptBuildPhase;
			buildActionMask = 2147483647;
			files = (
			);
			inputPaths = (
			);
			name = "[CP] Embed Pods Frameworks";
			outputPaths = (
			);
			runOnlyForDeploymentPostprocessing = 0;
			shellPath = /bin/sh;
			shellScript = "\"${SRCROOT}/Pods/Target Support Files/Pods-Tumblr_AgainUITests/Pods-Tumblr_AgainUITests-frameworks.sh\"\n";
			showEnvVarsInLog = 0;
		};
		8A9FDE548D568E01E5ADB9D1 /* [CP] Copy Pods Resources */ = {
			isa = PBXShellScriptBuildPhase;
			buildActionMask = 2147483647;
			files = (
			);
			inputPaths = (
			);
			name = "[CP] Copy Pods Resources";
			outputPaths = (
			);
			runOnlyForDeploymentPostprocessing = 0;
			shellPath = /bin/sh;
			shellScript = "\"${SRCROOT}/Pods/Target Support Files/Pods-Tumblr_AgainTests/Pods-Tumblr_AgainTests-resources.sh\"\n";
			showEnvVarsInLog = 0;
		};
		9E061D4FD664DC8C0A46E7E5 /* [CP] Check Pods Manifest.lock */ = {
			isa = PBXShellScriptBuildPhase;
			buildActionMask = 2147483647;
			files = (
			);
			inputPaths = (
				"${PODS_PODFILE_DIR_PATH}/Podfile.lock",
				"${PODS_ROOT}/Manifest.lock",
			);
			name = "[CP] Check Pods Manifest.lock";
			outputPaths = (
				"$(DERIVED_FILE_DIR)/Pods-Tumblr_AgainUITests-checkManifestLockResult.txt",
			);
			runOnlyForDeploymentPostprocessing = 0;
			shellPath = /bin/sh;
			shellScript = "diff \"${PODS_PODFILE_DIR_PATH}/Podfile.lock\" \"${PODS_ROOT}/Manifest.lock\" > /dev/null\nif [ $? != 0 ] ; then\n    # print error to STDERR\n    echo \"error: The sandbox is not in sync with the Podfile.lock. Run 'pod install' or update your CocoaPods installation.\" >&2\n    exit 1\nfi\n# This output is used by Xcode 'outputs' to avoid re-running this script phase.\necho \"SUCCESS\" > \"${SCRIPT_OUTPUT_FILE_0}\"\n";
			showEnvVarsInLog = 0;
		};
		B4DB00CE8C349A2797BAC0E5 /* [CP] Copy Pods Resources */ = {
			isa = PBXShellScriptBuildPhase;
			buildActionMask = 2147483647;
			files = (
			);
			inputPaths = (
			);
			name = "[CP] Copy Pods Resources";
			outputPaths = (
			);
			runOnlyForDeploymentPostprocessing = 0;
			shellPath = /bin/sh;
			shellScript = "\"${SRCROOT}/Pods/Target Support Files/Pods-Tumblr_AgainUITests/Pods-Tumblr_AgainUITests-resources.sh\"\n";
			showEnvVarsInLog = 0;
		};
		BBB85616927E3C2C481259B7 /* [CP] Check Pods Manifest.lock */ = {
			isa = PBXShellScriptBuildPhase;
			buildActionMask = 2147483647;
			files = (
			);
			inputPaths = (
				"${PODS_PODFILE_DIR_PATH}/Podfile.lock",
				"${PODS_ROOT}/Manifest.lock",
			);
			name = "[CP] Check Pods Manifest.lock";
			outputPaths = (
				"$(DERIVED_FILE_DIR)/Pods-Tumblr_Again-checkManifestLockResult.txt",
			);
			runOnlyForDeploymentPostprocessing = 0;
			shellPath = /bin/sh;
			shellScript = "diff \"${PODS_PODFILE_DIR_PATH}/Podfile.lock\" \"${PODS_ROOT}/Manifest.lock\" > /dev/null\nif [ $? != 0 ] ; then\n    # print error to STDERR\n    echo \"error: The sandbox is not in sync with the Podfile.lock. Run 'pod install' or update your CocoaPods installation.\" >&2\n    exit 1\nfi\n# This output is used by Xcode 'outputs' to avoid re-running this script phase.\necho \"SUCCESS\" > \"${SCRIPT_OUTPUT_FILE_0}\"\n";
			showEnvVarsInLog = 0;
		};
		CFB24D4D8A63C10FBEBCD757 /* [CP] Embed Pods Frameworks */ = {
			isa = PBXShellScriptBuildPhase;
			buildActionMask = 2147483647;
			files = (
			);
			inputPaths = (
			);
			name = "[CP] Embed Pods Frameworks";
			outputPaths = (
			);
			runOnlyForDeploymentPostprocessing = 0;
			shellPath = /bin/sh;
			shellScript = "\"${SRCROOT}/Pods/Target Support Files/Pods-Tumblr_AgainTests/Pods-Tumblr_AgainTests-frameworks.sh\"\n";
			showEnvVarsInLog = 0;
		};
/* End PBXShellScriptBuildPhase section */

/* Begin PBXSourcesBuildPhase section */
		7BEADBD42025AF77002D0C01 /* Sources */ = {
			isa = PBXSourcesBuildPhase;
			buildActionMask = 2147483647;
			files = (
				7B88D344202BEB1600E2680B /* PhotoDetailsViewController.swift in Sources */,
				7BEADBDC2025AF77002D0C01 /* AppDelegate.swift in Sources */,
				7BEADC0A2025B043002D0C01 /* PhotoViewController.swift in Sources */,
				7BEADC0C2025B2E5002D0C01 /* PhotoCell.swift in Sources */,
			);
			runOnlyForDeploymentPostprocessing = 0;
		};
		7BEADBE82025AF77002D0C01 /* Sources */ = {
			isa = PBXSourcesBuildPhase;
			buildActionMask = 2147483647;
			files = (
				7BEADBF12025AF77002D0C01 /* Tumblr_AgainTests.swift in Sources */,
			);
			runOnlyForDeploymentPostprocessing = 0;
		};
		7BEADBF32025AF77002D0C01 /* Sources */ = {
			isa = PBXSourcesBuildPhase;
			buildActionMask = 2147483647;
			files = (
				7BEADBFC2025AF77002D0C01 /* Tumblr_AgainUITests.swift in Sources */,
			);
			runOnlyForDeploymentPostprocessing = 0;
		};
/* End PBXSourcesBuildPhase section */

/* Begin PBXTargetDependency section */
		7BEADBEE2025AF77002D0C01 /* PBXTargetDependency */ = {
			isa = PBXTargetDependency;
			target = 7BEADBD72025AF77002D0C01 /* Tumblr_Again */;
			targetProxy = 7BEADBED2025AF77002D0C01 /* PBXContainerItemProxy */;
		};
		7BEADBF92025AF77002D0C01 /* PBXTargetDependency */ = {
			isa = PBXTargetDependency;
			target = 7BEADBD72025AF77002D0C01 /* Tumblr_Again */;
			targetProxy = 7BEADBF82025AF77002D0C01 /* PBXContainerItemProxy */;
		};
/* End PBXTargetDependency section */

/* Begin PBXVariantGroup section */
		7BEADBDF2025AF77002D0C01 /* Main.storyboard */ = {
			isa = PBXVariantGroup;
			children = (
				7BEADBE02025AF77002D0C01 /* Base */,
			);
			name = Main.storyboard;
			sourceTree = "<group>";
		};
		7BEADBE42025AF77002D0C01 /* LaunchScreen.storyboard */ = {
			isa = PBXVariantGroup;
			children = (
				7BEADBE52025AF77002D0C01 /* Base */,
			);
			name = LaunchScreen.storyboard;
			sourceTree = "<group>";
		};
/* End PBXVariantGroup section */

/* Begin XCBuildConfiguration section */
		7BEADBFE2025AF77002D0C01 /* Debug */ = {
			isa = XCBuildConfiguration;
			buildSettings = {
				ALWAYS_SEARCH_USER_PATHS = NO;
				CLANG_ANALYZER_NONNULL = YES;
				CLANG_ANALYZER_NUMBER_OBJECT_CONVERSION = YES_AGGRESSIVE;
				CLANG_CXX_LANGUAGE_STANDARD = "gnu++14";
				CLANG_CXX_LIBRARY = "libc++";
				CLANG_ENABLE_MODULES = YES;
				CLANG_ENABLE_OBJC_ARC = YES;
				CLANG_WARN_BLOCK_CAPTURE_AUTORELEASING = YES;
				CLANG_WARN_BOOL_CONVERSION = YES;
				CLANG_WARN_COMMA = YES;
				CLANG_WARN_CONSTANT_CONVERSION = YES;
				CLANG_WARN_DIRECT_OBJC_ISA_USAGE = YES_ERROR;
				CLANG_WARN_DOCUMENTATION_COMMENTS = YES;
				CLANG_WARN_EMPTY_BODY = YES;
				CLANG_WARN_ENUM_CONVERSION = YES;
				CLANG_WARN_INFINITE_RECURSION = YES;
				CLANG_WARN_INT_CONVERSION = YES;
				CLANG_WARN_NON_LITERAL_NULL_CONVERSION = YES;
				CLANG_WARN_OBJC_LITERAL_CONVERSION = YES;
				CLANG_WARN_OBJC_ROOT_CLASS = YES_ERROR;
				CLANG_WARN_RANGE_LOOP_ANALYSIS = YES;
				CLANG_WARN_STRICT_PROTOTYPES = YES;
				CLANG_WARN_SUSPICIOUS_MOVE = YES;
				CLANG_WARN_UNGUARDED_AVAILABILITY = YES_AGGRESSIVE;
				CLANG_WARN_UNREACHABLE_CODE = YES;
				CLANG_WARN__DUPLICATE_METHOD_MATCH = YES;
				CODE_SIGN_IDENTITY = "iPhone Developer";
				COPY_PHASE_STRIP = NO;
				DEBUG_INFORMATION_FORMAT = dwarf;
				ENABLE_STRICT_OBJC_MSGSEND = YES;
				ENABLE_TESTABILITY = YES;
				GCC_C_LANGUAGE_STANDARD = gnu11;
				GCC_DYNAMIC_NO_PIC = NO;
				GCC_NO_COMMON_BLOCKS = YES;
				GCC_OPTIMIZATION_LEVEL = 0;
				GCC_PREPROCESSOR_DEFINITIONS = (
					"DEBUG=1",
					"$(inherited)",
				);
				GCC_WARN_64_TO_32_BIT_CONVERSION = YES;
				GCC_WARN_ABOUT_RETURN_TYPE = YES_ERROR;
				GCC_WARN_UNDECLARED_SELECTOR = YES;
				GCC_WARN_UNINITIALIZED_AUTOS = YES_AGGRESSIVE;
				GCC_WARN_UNUSED_FUNCTION = YES;
				GCC_WARN_UNUSED_VARIABLE = YES;
				IPHONEOS_DEPLOYMENT_TARGET = 11.2;
				MTL_ENABLE_DEBUG_INFO = YES;
				ONLY_ACTIVE_ARCH = YES;
				SDKROOT = iphoneos;
				SWIFT_ACTIVE_COMPILATION_CONDITIONS = DEBUG;
				SWIFT_OPTIMIZATION_LEVEL = "-Onone";
			};
			name = Debug;
		};
		7BEADBFF2025AF77002D0C01 /* Release */ = {
			isa = XCBuildConfiguration;
			buildSettings = {
				ALWAYS_SEARCH_USER_PATHS = NO;
				CLANG_ANALYZER_NONNULL = YES;
				CLANG_ANALYZER_NUMBER_OBJECT_CONVERSION = YES_AGGRESSIVE;
				CLANG_CXX_LANGUAGE_STANDARD = "gnu++14";
				CLANG_CXX_LIBRARY = "libc++";
				CLANG_ENABLE_MODULES = YES;
				CLANG_ENABLE_OBJC_ARC = YES;
				CLANG_WARN_BLOCK_CAPTURE_AUTORELEASING = YES;
				CLANG_WARN_BOOL_CONVERSION = YES;
				CLANG_WARN_COMMA = YES;
				CLANG_WARN_CONSTANT_CONVERSION = YES;
				CLANG_WARN_DIRECT_OBJC_ISA_USAGE = YES_ERROR;
				CLANG_WARN_DOCUMENTATION_COMMENTS = YES;
				CLANG_WARN_EMPTY_BODY = YES;
				CLANG_WARN_ENUM_CONVERSION = YES;
				CLANG_WARN_INFINITE_RECURSION = YES;
				CLANG_WARN_INT_CONVERSION = YES;
				CLANG_WARN_NON_LITERAL_NULL_CONVERSION = YES;
				CLANG_WARN_OBJC_LITERAL_CONVERSION = YES;
				CLANG_WARN_OBJC_ROOT_CLASS = YES_ERROR;
				CLANG_WARN_RANGE_LOOP_ANALYSIS = YES;
				CLANG_WARN_STRICT_PROTOTYPES = YES;
				CLANG_WARN_SUSPICIOUS_MOVE = YES;
				CLANG_WARN_UNGUARDED_AVAILABILITY = YES_AGGRESSIVE;
				CLANG_WARN_UNREACHABLE_CODE = YES;
				CLANG_WARN__DUPLICATE_METHOD_MATCH = YES;
				CODE_SIGN_IDENTITY = "iPhone Developer";
				COPY_PHASE_STRIP = NO;
				DEBUG_INFORMATION_FORMAT = "dwarf-with-dsym";
				ENABLE_NS_ASSERTIONS = NO;
				ENABLE_STRICT_OBJC_MSGSEND = YES;
				GCC_C_LANGUAGE_STANDARD = gnu11;
				GCC_NO_COMMON_BLOCKS = YES;
				GCC_WARN_64_TO_32_BIT_CONVERSION = YES;
				GCC_WARN_ABOUT_RETURN_TYPE = YES_ERROR;
				GCC_WARN_UNDECLARED_SELECTOR = YES;
				GCC_WARN_UNINITIALIZED_AUTOS = YES_AGGRESSIVE;
				GCC_WARN_UNUSED_FUNCTION = YES;
				GCC_WARN_UNUSED_VARIABLE = YES;
				IPHONEOS_DEPLOYMENT_TARGET = 11.2;
				MTL_ENABLE_DEBUG_INFO = NO;
				SDKROOT = iphoneos;
				SWIFT_OPTIMIZATION_LEVEL = "-Owholemodule";
				VALIDATE_PRODUCT = YES;
			};
			name = Release;
		};
		7BEADC012025AF77002D0C01 /* Debug */ = {
			isa = XCBuildConfiguration;
			baseConfigurationReference = A6CD43265E046B2CD99C9CAF /* Pods-Tumblr_Again.debug.xcconfig */;
			buildSettings = {
				ASSETCATALOG_COMPILER_APPICON_NAME = AppIcon;
				CODE_SIGN_STYLE = Automatic;
				DEVELOPMENT_TEAM = DJGXAZ7LPD;
				INFOPLIST_FILE = Tumblr_Again/Info.plist;
				LD_RUNPATH_SEARCH_PATHS = "$(inherited) @executable_path/Frameworks";
				PRODUCT_BUNDLE_IDENTIFIER = "com.UCSD.Tumblr-Again";
				PRODUCT_NAME = "$(TARGET_NAME)";
				SWIFT_VERSION = 4.0;
				TARGETED_DEVICE_FAMILY = "1,2";
			};
			name = Debug;
		};
		7BEADC022025AF77002D0C01 /* Release */ = {
			isa = XCBuildConfiguration;
			baseConfigurationReference = E1D85C328A489450DB8F7394 /* Pods-Tumblr_Again.release.xcconfig */;
			buildSettings = {
				ASSETCATALOG_COMPILER_APPICON_NAME = AppIcon;
				CODE_SIGN_STYLE = Automatic;
				DEVELOPMENT_TEAM = DJGXAZ7LPD;
				INFOPLIST_FILE = Tumblr_Again/Info.plist;
				LD_RUNPATH_SEARCH_PATHS = "$(inherited) @executable_path/Frameworks";
				PRODUCT_BUNDLE_IDENTIFIER = "com.UCSD.Tumblr-Again";
				PRODUCT_NAME = "$(TARGET_NAME)";
				SWIFT_VERSION = 4.0;
				TARGETED_DEVICE_FAMILY = "1,2";
			};
			name = Release;
		};
		7BEADC042025AF77002D0C01 /* Debug */ = {
			isa = XCBuildConfiguration;
			baseConfigurationReference = BD1796D9A48A89DE1B93A07A /* Pods-Tumblr_AgainTests.debug.xcconfig */;
			buildSettings = {
				ALWAYS_EMBED_SWIFT_STANDARD_LIBRARIES = YES;
				BUNDLE_LOADER = "$(TEST_HOST)";
				CODE_SIGN_STYLE = Automatic;
				DEVELOPMENT_TEAM = DJGXAZ7LPD;
				INFOPLIST_FILE = Tumblr_AgainTests/Info.plist;
				LD_RUNPATH_SEARCH_PATHS = "$(inherited) @executable_path/Frameworks @loader_path/Frameworks";
				PRODUCT_BUNDLE_IDENTIFIER = "com.UCSD.Tumblr-AgainTests";
				PRODUCT_NAME = "$(TARGET_NAME)";
				SWIFT_VERSION = 4.0;
				TARGETED_DEVICE_FAMILY = "1,2";
				TEST_HOST = "$(BUILT_PRODUCTS_DIR)/Tumblr_Again.app/Tumblr_Again";
			};
			name = Debug;
		};
		7BEADC052025AF77002D0C01 /* Release */ = {
			isa = XCBuildConfiguration;
			baseConfigurationReference = C870079D1FA866BD69075D70 /* Pods-Tumblr_AgainTests.release.xcconfig */;
			buildSettings = {
				ALWAYS_EMBED_SWIFT_STANDARD_LIBRARIES = YES;
				BUNDLE_LOADER = "$(TEST_HOST)";
				CODE_SIGN_STYLE = Automatic;
				DEVELOPMENT_TEAM = DJGXAZ7LPD;
				INFOPLIST_FILE = Tumblr_AgainTests/Info.plist;
				LD_RUNPATH_SEARCH_PATHS = "$(inherited) @executable_path/Frameworks @loader_path/Frameworks";
				PRODUCT_BUNDLE_IDENTIFIER = "com.UCSD.Tumblr-AgainTests";
				PRODUCT_NAME = "$(TARGET_NAME)";
				SWIFT_VERSION = 4.0;
				TARGETED_DEVICE_FAMILY = "1,2";
				TEST_HOST = "$(BUILT_PRODUCTS_DIR)/Tumblr_Again.app/Tumblr_Again";
			};
			name = Release;
		};
		7BEADC072025AF77002D0C01 /* Debug */ = {
			isa = XCBuildConfiguration;
			baseConfigurationReference = 9CD5E02FB97A38FB7F5D9601 /* Pods-Tumblr_AgainUITests.debug.xcconfig */;
			buildSettings = {
				ALWAYS_EMBED_SWIFT_STANDARD_LIBRARIES = YES;
				CODE_SIGN_STYLE = Automatic;
				DEVELOPMENT_TEAM = DJGXAZ7LPD;
				INFOPLIST_FILE = Tumblr_AgainUITests/Info.plist;
				LD_RUNPATH_SEARCH_PATHS = "$(inherited) @executable_path/Frameworks @loader_path/Frameworks";
				PRODUCT_BUNDLE_IDENTIFIER = "com.UCSD.Tumblr-AgainUITests";
				PRODUCT_NAME = "$(TARGET_NAME)";
				SWIFT_VERSION = 4.0;
				TARGETED_DEVICE_FAMILY = "1,2";
				TEST_TARGET_NAME = Tumblr_Again;
			};
			name = Debug;
		};
		7BEADC082025AF77002D0C01 /* Release */ = {
			isa = XCBuildConfiguration;
			baseConfigurationReference = E80A5639B4B35BB21235C13E /* Pods-Tumblr_AgainUITests.release.xcconfig */;
			buildSettings = {
				ALWAYS_EMBED_SWIFT_STANDARD_LIBRARIES = YES;
				CODE_SIGN_STYLE = Automatic;
				DEVELOPMENT_TEAM = DJGXAZ7LPD;
				INFOPLIST_FILE = Tumblr_AgainUITests/Info.plist;
				LD_RUNPATH_SEARCH_PATHS = "$(inherited) @executable_path/Frameworks @loader_path/Frameworks";
				PRODUCT_BUNDLE_IDENTIFIER = "com.UCSD.Tumblr-AgainUITests";
				PRODUCT_NAME = "$(TARGET_NAME)";
				SWIFT_VERSION = 4.0;
				TARGETED_DEVICE_FAMILY = "1,2";
				TEST_TARGET_NAME = Tumblr_Again;
			};
			name = Release;
		};
/* End XCBuildConfiguration section */

/* Begin XCConfigurationList section */
		7BEADBD32025AF77002D0C01 /* Build configuration list for PBXProject "Tumblr_Again" */ = {
			isa = XCConfigurationList;
			buildConfigurations = (
				7BEADBFE2025AF77002D0C01 /* Debug */,
				7BEADBFF2025AF77002D0C01 /* Release */,
			);
			defaultConfigurationIsVisible = 0;
			defaultConfigurationName = Release;
		};
		7BEADC002025AF77002D0C01 /* Build configuration list for PBXNativeTarget "Tumblr_Again" */ = {
			isa = XCConfigurationList;
			buildConfigurations = (
				7BEADC012025AF77002D0C01 /* Debug */,
				7BEADC022025AF77002D0C01 /* Release */,
			);
			defaultConfigurationIsVisible = 0;
			defaultConfigurationName = Release;
		};
		7BEADC032025AF77002D0C01 /* Build configuration list for PBXNativeTarget "Tumblr_AgainTests" */ = {
			isa = XCConfigurationList;
			buildConfigurations = (
				7BEADC042025AF77002D0C01 /* Debug */,
				7BEADC052025AF77002D0C01 /* Release */,
			);
			defaultConfigurationIsVisible = 0;
			defaultConfigurationName = Release;
		};
		7BEADC062025AF77002D0C01 /* Build configuration list for PBXNativeTarget "Tumblr_AgainUITests" */ = {
			isa = XCConfigurationList;
			buildConfigurations = (
				7BEADC072025AF77002D0C01 /* Debug */,
				7BEADC082025AF77002D0C01 /* Release */,
			);
			defaultConfigurationIsVisible = 0;
			defaultConfigurationName = Release;
		};
/* End XCConfigurationList section */
	};
	rootObject = 7BEADBD02025AF77002D0C01 /* Project object */;
}
